
Microsoft Visual Studio Solution File, Format Version 12.00
# Visual Studio 15
VisualStudioVersion = 15.0.28307.705
MinimumVisualStudioVersion = 10.0.40219.1
Project("{FAE04EC0-301F-11D3-BF4B-00C04F79EFBC}") = "Chip16", "Chip16.csproj", "{4D71B752-A9C2-44C5-8798-D0B8D268A199}"
EndProject
Project("{FAE04EC0-301F-11D3-BF4B-00C04F79EFBC}") = "FrontEnd", "..\FrontEnd\FrontEnd.csproj", "{7E3211E0-7E4D-4A36-9F10-7A89B20CD219}"
EndProject
Global
	GlobalSection(SolutionConfigurationPlatforms) = preSolution
		Debug|Any CPU = Debug|Any CPU
		Release|Any CPU = Release|Any CPU
	EndGlobalSection
	GlobalSection(ProjectConfigurationPlatforms) = postSolution
		{4D71B752-A9C2-44C5-8798-D0B8D268A199}.Debug|Any CPU.ActiveCfg = Debug|Any CPU
		{4D71B752-A9C2-44C5-8798-D0B8D268A199}.Debug|Any CPU.Build.0 = Debug|Any CPU
		{4D71B752-A9C2-44C5-8798-D0B8D268A199}.Release|Any CPU.ActiveCfg = Release|Any CPU
		{4D71B752-A9C2-44C5-8798-D0B8D268A199}.Release|Any CPU.Build.0 = Release|Any CPU
		{7E3211E0-7E4D-4A36-9F10-7A89B20CD219}.Debug|Any CPU.ActiveCfg = Debug|Any CPU
		{7E3211E0-7E4D-4A36-9F10-7A89B20CD219}.Debug|Any CPU.Build.0 = Debug|Any CPU
		{7E3211E0-7E4D-4A36-9F10-7A89B20CD219}.Release|Any CPU.ActiveCfg = Release|Any CPU
		{7E3211E0-7E4D-4A36-9F10-7A89B20CD219}.Release|Any CPU.Build.0 = Release|Any CPU
	EndGlobalSection
	GlobalSection(SolutionProperties) = preSolution
		HideSolutionNode = FALSE
	EndGlobalSection
	GlobalSection(ExtensibilityGlobals) = postSolution
		SolutionGuid = {98467111-FC01-4B77-9F51-EF1885CA2B7D}
	EndGlobalSection
EndGlobal
